
Microsoft Visual Studio Solution File, Format Version 12.00
# Visual Studio Version 16
VisualStudioVersion = 16.0.30523.141
MinimumVisualStudioVersion = 10.0.40219.1
Project("{FAE04EC0-301F-11D3-BF4B-00C04F79EFBC}") = "collection", "collection\collection.csproj", "{0EAB2F15-3B88-46C5-B5F1-4CD8446E84D2}"
EndProject
Global
	GlobalSection(SolutionConfigurationPlatforms) = preSolution
		Debug|Any CPU = Debug|Any CPU
		Release|Any CPU = Release|Any CPU
	EndGlobalSection
	GlobalSection(ProjectConfigurationPlatforms) = postSolution
		{0EAB2F15-3B88-46C5-B5F1-4CD8446E84D2}.Debug|Any CPU.ActiveCfg = Debug|Any CPU
		{0EAB2F15-3B88-46C5-B5F1-4CD8446E84D2}.Debug|Any CPU.Build.0 = Debug|Any CPU
		{0EAB2F15-3B88-46C5-B5F1-4CD8446E84D2}.Release|Any CPU.ActiveCfg = Release|Any CPU
		{0EAB2F15-3B88-46C5-B5F1-4CD8446E84D2}.Release|Any CPU.Build.0 = Release|Any CPU
	EndGlobalSection
	GlobalSection(SolutionProperties) = preSolution
		HideSolutionNode = FALSE
	EndGlobalSection
	GlobalSection(ExtensibilityGlobals) = postSolution
		SolutionGuid = {96CB61F1-003D-41CC-997F-9EA42AD57671}
	EndGlobalSection
EndGlobal
